<?xml version="1.0" encoding="utf-8"?>
<Project ToolsVersion="4.0" xmlns="http://schemas.microsoft.com/developer/msbuild/2003">
  <ItemGroup>
    <Filter Include="Source Files">
      <UniqueIdentifier>{4FC737F1-C7A5-4376-A066-2A32D752A2FF}</UniqueIdentifier>
      <Extensions>cpp;c;cc;cxx;c++;cppm;ixx;def;odl;idl;hpj;bat;asm;asmx</Extensions>
    </Filter>
    <Filter Include="Header Files">
      <UniqueIdentifier>{93995380-89BD-4b04-88EB-625FBE52EBFB}</UniqueIdentifier>
      <Extensions>h;hh;hpp;hxx;h++;hm;inl;inc;ipp;xsd</Extensions>
    </Filter>
    <Filter Include="Resource Files">
      <UniqueIdentifier>{67DA6AB6-F800-4c08-8B7A-83BB121AAD01}</UniqueIdentifier>
      <Extensions>rc;ico;cur;bmp;dlg;rc2;rct;bin;rgs;gif;jpg;jpeg;jpe;resx;tiff;tif;png;wav;mfcribbon-ms</Extensions>
    </Filter>
  </ItemGroup>
  <ItemGroup>
    <ClInclude Include="src\common.h">
      <Filter>Header Files</Filter>
    </ClInclude>
    <ClInclude Include="src\definitions.h">
      <Filter>Header Files</Filter>
    </ClInclude>
    <ClInclude Include="src\draw.h">
      <Filter>Header Files</Filter>
    </ClInclude>
    <ClInclude Include="src\init.h">
      <Filter>Header Files</Filter>
    </ClInclude>
    <ClInclude Include="src\input.h">
      <Filter>Header Files</Filter>
    </ClInclude>
    <ClInclude Include="src\structs.h">
      <Filter>Header Files</Filter>
    </ClInclude>
    <ClInclude Include="src\player.h">
      <Filter>Header Files</Filter>
    </ClInclude>
    <ClInclude Include="src\geometry.h">
      <Filter>Header Files</Filter>
    </ClInclude>
    <ClInclude Include="src\bullets.h">
      <Filter>Header Files</Filter>
    </ClInclude>
    <ClInclude Include="src\stage.h">
      <Filter>Header Files</Filter>
    </ClInclude>
    <ClInclude Include="src\random.h">
      <Filter>Header Files</Filter>
    </ClInclude>
    <ClInclude Include="src\crates.h">
      <Filter>Header Files</Filter>
    </ClInclude>
    <ClInclude Include="src\colliders.h">
      <Filter>Header Files</Filter>
    </ClInclude>
    <ClInclude Include="src\colors.h">
      <Filter>Header Files</Filter>
    </ClInclude>
    <ClInclude Include="src\enemies.h">
      <Filter>Header Files</Filter>
    </ClInclude>
    <ClInclude Include="src\particles.h">
      <Filter>Header Files</Filter>
    </ClInclude>
    <ClInclude Include="src\scrap.h">
      <Filter>Header Files</Filter>
    </ClInclude>
    <ClInclude Include="src\powerups.h">
      <Filter>Header Files</Filter>
    </ClInclude>
    <ClInclude Include="src\background.h">
      <Filter>Header Files</Filter>
    </ClInclude>
    <ClInclude Include="src\fonts.h">
      <Filter>Header Files</Filter>
    </ClInclude>
    <ClInclude Include="src\ui.h">
      <Filter>Header Files</Filter>
    </ClInclude>
    <ClInclude Include="src\mainMenu.h">
      <Filter>Header Files</Filter>
    </ClInclude>
    <ClInclude Include="src\widgets.h">
      <Filter>Header Files</Filter>
    </ClInclude>
    <ClInclude Include="src\utility.h">
      <Filter>Header Files</Filter>
    </ClInclude>
    <ClInclude Include="src\json\cJSON.h">
      <Filter>Header Files</Filter>
    </ClInclude>
    <ClInclude Include="src\highscores.h">
      <Filter>Header Files</Filter>
    </ClInclude>
    <ClInclude Include="src\sound.h">
      <Filter>Header Files</Filter>
    </ClInclude>
    <ClInclude Include="src\cursor.h">
      <Filter>Header Files</Filter>
    </ClInclude>
  </ItemGroup>
  <ItemGroup>
    <ClCompile Include="src\draw.c">
      <Filter>Source Files</Filter>
    </ClCompile>
    <ClCompile Include="src\init.c">
      <Filter>Source Files</Filter>
    </ClCompile>
    <ClCompile Include="src\input.c">
      <Filter>Source Files</Filter>
    </ClCompile>
    <ClCompile Include="src\main.c">
      <Filter>Source Files</Filter>
    </ClCompile>
    <ClCompile Include="src\player.c">
      <Filter>Source Files</Filter>
    </ClCompile>
    <ClCompile Include="src\geometry.c">
      <Filter>Source Files</Filter>
    </ClCompile>
    <ClCompile Include="src\bullets.c">
      <Filter>Source Files</Filter>
    </ClCompile>
    <ClCompile Include="src\stage.c">
      <Filter>Source Files</Filter>
    </ClCompile>
    <ClCompile Include="src\random.c">
      <Filter>Source Files</Filter>
    </ClCompile>
    <ClCompile Include="src\crates.c">
      <Filter>Source Files</Filter>
    </ClCompile>
    <ClCompile Include="src\colliders.c">
      <Filter>Source Files</Filter>
    </ClCompile>
    <ClCompile Include="src\colors.c">
      <Filter>Source Files</Filter>
    </ClCompile>
    <ClCompile Include="src\enemies.c">
      <Filter>Source Files</Filter>
    </ClCompile>
    <ClCompile Include="src\particles.c">
      <Filter>Source Files</Filter>
    </ClCompile>
    <ClCompile Include="src\scrap.c">
      <Filter>Source Files</Filter>
    </ClCompile>
    <ClCompile Include="src\powerups.c">
      <Filter>Source Files</Filter>
    </ClCompile>
    <ClCompile Include="src\background.c">
      <Filter>Source Files</Filter>
    </ClCompile>
    <ClCompile Include="src\fonts.c">
      <Filter>Source Files</Filter>
    </ClCompile>
    <ClCompile Include="src\ui.c">
      <Filter>Source Files</Filter>
    </ClCompile>
    <ClCompile Include="src\mainMenu.c">
      <Filter>Source Files</Filter>
    </ClCompile>
    <ClCompile Include="src\widgets.c">
      <Filter>Source Files</Filter>
    </ClCompile>
    <ClCompile Include="src\utility.c">
      <Filter>Source Files</Filter>
    </ClCompile>
    <ClCompile Include="src\json\cJSON.c">
      <Filter>Source Files</Filter>
    </ClCompile>
    <ClCompile Include="src\highscores.c">
      <Filter>Source Files</Filter>
    </ClCompile>
    <ClCompile Include="src\sound.c">
      <Filter>Source Files</Filter>
    </ClCompile>
    <ClCompile Include="src\cursor.c">
      <Filter>Source Files</Filter>
    </ClCompile>
  </ItemGroup>
</Project>